# This file was autogenerated by Stack.
# You should not edit this file by hand.
# For more information, please see the documentation at:
#   https://docs.haskellstack.org/en/stable/lock_files

packages:
- completed:
    hackage: parsec-3.1.14.0@sha256:63a4555d6ea2aaccd8588fc809e5d137e72b668898ab3b171ce8458b792f0f36,4356
    pantry-tree:
      size: 2574
      sha256: c17cc12ba9a912521d58d8bcee07830351fe27483d9309ebdac8e32175e10706
  original:
    hackage: parsec-3.1.14.0
- completed:
    hackage: prettyprinter-1.6.2@sha256:d9fa76aebce33c5c179a66128dfb5639e9257325d11c68569c6574dd8e112cde,5459
    pantry-tree:
      size: 2194
      sha256: d84bf9b50055f5fff831f48b447737eb41bfff144352b6a0c6dee08b43d04d96
  original:
    hackage: prettyprinter-1.6.2
- completed:
    hackage: process-1.6.9.0@sha256:372de796fea9d40e6d02269d5df466c9b8d641f145fad3c1add59db7baeea19e,2576
    pantry-tree:
      size: 1211
      sha256: 9d21df864535dcc65e11fd108c4678fdadf2d53bb9ffd1fda142369c797f31c1
  original:
    hackage: process-1.6.9.0
- completed:
    hackage: HUnit-1.6.0.0@sha256:8014b27c884becd8041214a1ab263fa92244ca62700a911aff604a1047869298,1570
    pantry-tree:
      size: 878
      sha256: 270a6f8d6ef23eba3a9a1697aa244576abb168d10cb8e4736cf4add2b09eb650
  original:
    hackage: HUnit-1.6.0.0
snapshots:
- completed:
    size: 532382
    url: https://raw.githubusercontent.com/commercialhaskell/stackage-snapshots/master/lts/16/14.yaml
    sha256: 1ef27e36f38824abafc43224ca612211b3828fa9ffd31ba0fc2867ae2e19ba90
  original: lts-16.14
